
Microsoft Visual Studio Solution File, Format Version 12.00
# Visual Studio Version 16
VisualStudioVersion = 16.0.30804.86
MinimumVisualStudioVersion = 10.0.40219.1
Project("{9A19103F-16F7-4668-BE54-9A1E7A4F7556}") = "Iniciadas", "Listas\Iniciadas.csproj", "{4F6D9860-2589-43E2-AA53-0B39FCF5350A}"
EndProject
Project("{9A19103F-16F7-4668-BE54-9A1E7A4F7556}") = "Vazias", "Listas-Vazias\Vazias.csproj", "{392BA2DC-7F5E-4949-957B-7739DCB5D0C8}"
EndProject
Project("{FAE04EC0-301F-11D3-BF4B-00C04F79EFBC}") = "OperadorLambida", "OperadorLambida\OperadorLambida.csproj", "{EF47F118-C7AA-41F7-BAA5-E315EC6D39D6}"
EndProject
Project("{FAE04EC0-301F-11D3-BF4B-00C04F79EFBC}") = "Acesso1Elemento", "Acesso1Elemento\Acesso1Elemento.csproj", "{8B4B0F6E-FE79-4382-BED8-EB387CA5278F}"
EndProject
Project("{FAE04EC0-301F-11D3-BF4B-00C04F79EFBC}") = "AlterandoItem", "AlterandoItem\AlterandoItem.csproj", "{68216949-FA2A-4B16-9878-A631314DACAD}"
EndProject
Global
	GlobalSection(SolutionConfigurationPlatforms) = preSolution
		Debug|Any CPU = Debug|Any CPU
		Release|Any CPU = Release|Any CPU
	EndGlobalSection
	GlobalSection(ProjectConfigurationPlatforms) = postSolution
		{4F6D9860-2589-43E2-AA53-0B39FCF5350A}.Debug|Any CPU.ActiveCfg = Debug|Any CPU
		{4F6D9860-2589-43E2-AA53-0B39FCF5350A}.Debug|Any CPU.Build.0 = Debug|Any CPU
		{4F6D9860-2589-43E2-AA53-0B39FCF5350A}.Release|Any CPU.ActiveCfg = Release|Any CPU
		{4F6D9860-2589-43E2-AA53-0B39FCF5350A}.Release|Any CPU.Build.0 = Release|Any CPU
		{392BA2DC-7F5E-4949-957B-7739DCB5D0C8}.Debug|Any CPU.ActiveCfg = Debug|Any CPU
		{392BA2DC-7F5E-4949-957B-7739DCB5D0C8}.Debug|Any CPU.Build.0 = Debug|Any CPU
		{392BA2DC-7F5E-4949-957B-7739DCB5D0C8}.Release|Any CPU.ActiveCfg = Release|Any CPU
		{392BA2DC-7F5E-4949-957B-7739DCB5D0C8}.Release|Any CPU.Build.0 = Release|Any CPU
		{EF47F118-C7AA-41F7-BAA5-E315EC6D39D6}.Debug|Any CPU.ActiveCfg = Debug|Any CPU
		{EF47F118-C7AA-41F7-BAA5-E315EC6D39D6}.Debug|Any CPU.Build.0 = Debug|Any CPU
		{EF47F118-C7AA-41F7-BAA5-E315EC6D39D6}.Release|Any CPU.ActiveCfg = Release|Any CPU
		{EF47F118-C7AA-41F7-BAA5-E315EC6D39D6}.Release|Any CPU.Build.0 = Release|Any CPU
		{8B4B0F6E-FE79-4382-BED8-EB387CA5278F}.Debug|Any CPU.ActiveCfg = Debug|Any CPU
		{8B4B0F6E-FE79-4382-BED8-EB387CA5278F}.Debug|Any CPU.Build.0 = Debug|Any CPU
		{8B4B0F6E-FE79-4382-BED8-EB387CA5278F}.Release|Any CPU.ActiveCfg = Release|Any CPU
		{8B4B0F6E-FE79-4382-BED8-EB387CA5278F}.Release|Any CPU.Build.0 = Release|Any CPU
		{68216949-FA2A-4B16-9878-A631314DACAD}.Debug|Any CPU.ActiveCfg = Debug|Any CPU
		{68216949-FA2A-4B16-9878-A631314DACAD}.Debug|Any CPU.Build.0 = Debug|Any CPU
		{68216949-FA2A-4B16-9878-A631314DACAD}.Release|Any CPU.ActiveCfg = Release|Any CPU
		{68216949-FA2A-4B16-9878-A631314DACAD}.Release|Any CPU.Build.0 = Release|Any CPU
	EndGlobalSection
	GlobalSection(SolutionProperties) = preSolution
		HideSolutionNode = FALSE
	EndGlobalSection
	GlobalSection(ExtensibilityGlobals) = postSolution
		SolutionGuid = {ACFC1448-9FF6-4904-97F3-C10828F3B3AB}
	EndGlobalSection
EndGlobal
