
Microsoft Visual Studio Solution File, Format Version 12.00
# Visual Studio Version 16
VisualStudioVersion = 16.0.30804.86
MinimumVisualStudioVersion = 10.0.40219.1
Project("{9A19103F-16F7-4668-BE54-9A1E7A4F7556}") = "Iniciadas", "Listas\Iniciadas.csproj", "{4F6D9860-2589-43E2-AA53-0B39FCF5350A}"
EndProject
Project("{9A19103F-16F7-4668-BE54-9A1E7A4F7556}") = "Vazias", "Listas-Vazias\Vazias.csproj", "{392BA2DC-7F5E-4949-957B-7739DCB5D0C8}"
EndProject
Project("{9A19103F-16F7-4668-BE54-9A1E7A4F7556}") = "OperadorLambida", "OperadorLambida\OperadorLambida.csproj", "{EF47F118-C7AA-41F7-BAA5-E315EC6D39D6}"
EndProject
Project("{9A19103F-16F7-4668-BE54-9A1E7A4F7556}") = "Acesso1Elemento", "Acesso1Elemento\Acesso1Elemento.csproj", "{8B4B0F6E-FE79-4382-BED8-EB387CA5278F}"
EndProject
Project("{9A19103F-16F7-4668-BE54-9A1E7A4F7556}") = "AlterandoItem", "AlterandoItem\AlterandoItem.csproj", "{68216949-FA2A-4B16-9878-A631314DACAD}"
EndProject
Project("{FAE04EC0-301F-11D3-BF4B-00C04F79EFBC}") = "Busca", "Busca\Busca.csproj", "{1C3B2746-D1DA-4F64-814A-868C1C8F1481}"
EndProject
Project("{FAE04EC0-301F-11D3-BF4B-00C04F79EFBC}") = "Reverse", "Reverse\Reverse.csproj", "{732965AA-B4EA-490C-9C95-C253F6555EFC}"
EndProject
Project("{FAE04EC0-301F-11D3-BF4B-00C04F79EFBC}") = "Remove", "Remove\Remove.csproj", "{A58278F0-EDF4-4F1D-8B89-5CD7649068FC}"
EndProject
Project("{FAE04EC0-301F-11D3-BF4B-00C04F79EFBC}") = "Copia", "Copia\Copia.csproj", "{03749324-6670-4850-917A-95F11DFD36E3}"
EndProject
Project("{FAE04EC0-301F-11D3-BF4B-00C04F79EFBC}") = "ListaDeObjetos", "ListaDeObjetos\ListaDeObjetos.csproj", "{A47ACCBC-10F0-4A9A-864B-3E26D656D7F0}"
EndProject
Project("{FAE04EC0-301F-11D3-BF4B-00C04F79EFBC}") = "SomenteLeitura", "SomenteLeitura\SomenteLeitura.csproj", "{4618B212-4D11-4114-9502-F6E42E522BAA}"
EndProject
Project("{FAE04EC0-301F-11D3-BF4B-00C04F79EFBC}") = "Operacoes", "Operacoes\Operacoes.csproj", "{E8A963C4-1101-4FE3-980E-48543EC7F830}"
EndProject
Global
	GlobalSection(SolutionConfigurationPlatforms) = preSolution
		Debug|Any CPU = Debug|Any CPU
		Release|Any CPU = Release|Any CPU
	EndGlobalSection
	GlobalSection(ProjectConfigurationPlatforms) = postSolution
		{4F6D9860-2589-43E2-AA53-0B39FCF5350A}.Debug|Any CPU.ActiveCfg = Debug|Any CPU
		{4F6D9860-2589-43E2-AA53-0B39FCF5350A}.Debug|Any CPU.Build.0 = Debug|Any CPU
		{4F6D9860-2589-43E2-AA53-0B39FCF5350A}.Release|Any CPU.ActiveCfg = Release|Any CPU
		{4F6D9860-2589-43E2-AA53-0B39FCF5350A}.Release|Any CPU.Build.0 = Release|Any CPU
		{392BA2DC-7F5E-4949-957B-7739DCB5D0C8}.Debug|Any CPU.ActiveCfg = Debug|Any CPU
		{392BA2DC-7F5E-4949-957B-7739DCB5D0C8}.Debug|Any CPU.Build.0 = Debug|Any CPU
		{392BA2DC-7F5E-4949-957B-7739DCB5D0C8}.Release|Any CPU.ActiveCfg = Release|Any CPU
		{392BA2DC-7F5E-4949-957B-7739DCB5D0C8}.Release|Any CPU.Build.0 = Release|Any CPU
		{EF47F118-C7AA-41F7-BAA5-E315EC6D39D6}.Debug|Any CPU.ActiveCfg = Debug|Any CPU
		{EF47F118-C7AA-41F7-BAA5-E315EC6D39D6}.Debug|Any CPU.Build.0 = Debug|Any CPU
		{EF47F118-C7AA-41F7-BAA5-E315EC6D39D6}.Release|Any CPU.ActiveCfg = Release|Any CPU
		{EF47F118-C7AA-41F7-BAA5-E315EC6D39D6}.Release|Any CPU.Build.0 = Release|Any CPU
		{8B4B0F6E-FE79-4382-BED8-EB387CA5278F}.Debug|Any CPU.ActiveCfg = Debug|Any CPU
		{8B4B0F6E-FE79-4382-BED8-EB387CA5278F}.Debug|Any CPU.Build.0 = Debug|Any CPU
		{8B4B0F6E-FE79-4382-BED8-EB387CA5278F}.Release|Any CPU.ActiveCfg = Release|Any CPU
		{8B4B0F6E-FE79-4382-BED8-EB387CA5278F}.Release|Any CPU.Build.0 = Release|Any CPU
		{68216949-FA2A-4B16-9878-A631314DACAD}.Debug|Any CPU.ActiveCfg = Debug|Any CPU
		{68216949-FA2A-4B16-9878-A631314DACAD}.Debug|Any CPU.Build.0 = Debug|Any CPU
		{68216949-FA2A-4B16-9878-A631314DACAD}.Release|Any CPU.ActiveCfg = Release|Any CPU
		{68216949-FA2A-4B16-9878-A631314DACAD}.Release|Any CPU.Build.0 = Release|Any CPU
		{1C3B2746-D1DA-4F64-814A-868C1C8F1481}.Debug|Any CPU.ActiveCfg = Debug|Any CPU
		{1C3B2746-D1DA-4F64-814A-868C1C8F1481}.Debug|Any CPU.Build.0 = Debug|Any CPU
		{1C3B2746-D1DA-4F64-814A-868C1C8F1481}.Release|Any CPU.ActiveCfg = Release|Any CPU
		{1C3B2746-D1DA-4F64-814A-868C1C8F1481}.Release|Any CPU.Build.0 = Release|Any CPU
		{732965AA-B4EA-490C-9C95-C253F6555EFC}.Debug|Any CPU.ActiveCfg = Debug|Any CPU
		{732965AA-B4EA-490C-9C95-C253F6555EFC}.Debug|Any CPU.Build.0 = Debug|Any CPU
		{732965AA-B4EA-490C-9C95-C253F6555EFC}.Release|Any CPU.ActiveCfg = Release|Any CPU
		{732965AA-B4EA-490C-9C95-C253F6555EFC}.Release|Any CPU.Build.0 = Release|Any CPU
		{A58278F0-EDF4-4F1D-8B89-5CD7649068FC}.Debug|Any CPU.ActiveCfg = Debug|Any CPU
		{A58278F0-EDF4-4F1D-8B89-5CD7649068FC}.Debug|Any CPU.Build.0 = Debug|Any CPU
		{A58278F0-EDF4-4F1D-8B89-5CD7649068FC}.Release|Any CPU.ActiveCfg = Release|Any CPU
		{A58278F0-EDF4-4F1D-8B89-5CD7649068FC}.Release|Any CPU.Build.0 = Release|Any CPU
		{03749324-6670-4850-917A-95F11DFD36E3}.Debug|Any CPU.ActiveCfg = Debug|Any CPU
		{03749324-6670-4850-917A-95F11DFD36E3}.Debug|Any CPU.Build.0 = Debug|Any CPU
		{03749324-6670-4850-917A-95F11DFD36E3}.Release|Any CPU.ActiveCfg = Release|Any CPU
		{03749324-6670-4850-917A-95F11DFD36E3}.Release|Any CPU.Build.0 = Release|Any CPU
		{A47ACCBC-10F0-4A9A-864B-3E26D656D7F0}.Debug|Any CPU.ActiveCfg = Debug|Any CPU
		{A47ACCBC-10F0-4A9A-864B-3E26D656D7F0}.Debug|Any CPU.Build.0 = Debug|Any CPU
		{A47ACCBC-10F0-4A9A-864B-3E26D656D7F0}.Release|Any CPU.ActiveCfg = Release|Any CPU
		{A47ACCBC-10F0-4A9A-864B-3E26D656D7F0}.Release|Any CPU.Build.0 = Release|Any CPU
		{4618B212-4D11-4114-9502-F6E42E522BAA}.Debug|Any CPU.ActiveCfg = Debug|Any CPU
		{4618B212-4D11-4114-9502-F6E42E522BAA}.Debug|Any CPU.Build.0 = Debug|Any CPU
		{4618B212-4D11-4114-9502-F6E42E522BAA}.Release|Any CPU.ActiveCfg = Release|Any CPU
		{4618B212-4D11-4114-9502-F6E42E522BAA}.Release|Any CPU.Build.0 = Release|Any CPU
		{E8A963C4-1101-4FE3-980E-48543EC7F830}.Debug|Any CPU.ActiveCfg = Debug|Any CPU
		{E8A963C4-1101-4FE3-980E-48543EC7F830}.Debug|Any CPU.Build.0 = Debug|Any CPU
		{E8A963C4-1101-4FE3-980E-48543EC7F830}.Release|Any CPU.ActiveCfg = Release|Any CPU
		{E8A963C4-1101-4FE3-980E-48543EC7F830}.Release|Any CPU.Build.0 = Release|Any CPU
	EndGlobalSection
	GlobalSection(SolutionProperties) = preSolution
		HideSolutionNode = FALSE
	EndGlobalSection
	GlobalSection(ExtensibilityGlobals) = postSolution
		SolutionGuid = {ACFC1448-9FF6-4904-97F3-C10828F3B3AB}
	EndGlobalSection
EndGlobal
